
Microsoft Visual Studio Solution File, Format Version 12.00
# Visual Studio 14
VisualStudioVersion = 14.0.25420.1
MinimumVisualStudioVersion = 10.0.40219.1
Project("{FAE04EC0-301F-11D3-BF4B-00C04F79EFBC}") = "Outsurance.Assessment.Domain", "Outsurance.Assessment.Domain\Outsurance.Assessment.Domain.csproj", "{C335E7CB-98EB-4420-9254-9C2579DB6267}"
EndProject
Project("{FAE04EC0-301F-11D3-BF4B-00C04F79EFBC}") = "Outsurance.Assessment.Domain.UnitTests", "Outsurance.Assessment.Domain.UnitTests\Outsurance.Assessment.Domain.UnitTests.csproj", "{5418F18A-2656-4F71-ABAF-FBA4EFFEFDC1}"
EndProject
Project("{FAE04EC0-301F-11D3-BF4B-00C04F79EFBC}") = "Outsurance.Assessment.IntegrationTests", "Outsurance.Assessment.IntegrationTests\Outsurance.Assessment.IntegrationTests.csproj", "{6DE0E9E9-5554-4A14-A317-058DC5615678}"
EndProject
Project("{2150E333-8FDC-42A3-9474-1A3956D46DE8}") = "Presentation", "Presentation", "{10CDDDDC-43B3-4854-839B-8090ACB0D6BB}"
EndProject
Project("{FAE04EC0-301F-11D3-BF4B-00C04F79EFBC}") = "Outsurance.Assessment.WindowsForm", "Outsurance.Assessment.WindowsForm\Outsurance.Assessment.WindowsForm.csproj", "{90826B3C-B9E6-43E8-A77B-7AA908BAD01C}"
EndProject
Global
	GlobalSection(SolutionConfigurationPlatforms) = preSolution
		Debug|Any CPU = Debug|Any CPU
		Release|Any CPU = Release|Any CPU
	EndGlobalSection
	GlobalSection(ProjectConfigurationPlatforms) = postSolution
		{C335E7CB-98EB-4420-9254-9C2579DB6267}.Debug|Any CPU.ActiveCfg = Debug|Any CPU
		{C335E7CB-98EB-4420-9254-9C2579DB6267}.Debug|Any CPU.Build.0 = Debug|Any CPU
		{C335E7CB-98EB-4420-9254-9C2579DB6267}.Release|Any CPU.ActiveCfg = Release|Any CPU
		{C335E7CB-98EB-4420-9254-9C2579DB6267}.Release|Any CPU.Build.0 = Release|Any CPU
		{5418F18A-2656-4F71-ABAF-FBA4EFFEFDC1}.Debug|Any CPU.ActiveCfg = Debug|Any CPU
		{5418F18A-2656-4F71-ABAF-FBA4EFFEFDC1}.Debug|Any CPU.Build.0 = Debug|Any CPU
		{5418F18A-2656-4F71-ABAF-FBA4EFFEFDC1}.Release|Any CPU.ActiveCfg = Release|Any CPU
		{5418F18A-2656-4F71-ABAF-FBA4EFFEFDC1}.Release|Any CPU.Build.0 = Release|Any CPU
		{6DE0E9E9-5554-4A14-A317-058DC5615678}.Debug|Any CPU.ActiveCfg = Debug|Any CPU
		{6DE0E9E9-5554-4A14-A317-058DC5615678}.Debug|Any CPU.Build.0 = Debug|Any CPU
		{6DE0E9E9-5554-4A14-A317-058DC5615678}.Release|Any CPU.ActiveCfg = Release|Any CPU
		{6DE0E9E9-5554-4A14-A317-058DC5615678}.Release|Any CPU.Build.0 = Release|Any CPU
		{90826B3C-B9E6-43E8-A77B-7AA908BAD01C}.Debug|Any CPU.ActiveCfg = Debug|Any CPU
		{90826B3C-B9E6-43E8-A77B-7AA908BAD01C}.Debug|Any CPU.Build.0 = Debug|Any CPU
		{90826B3C-B9E6-43E8-A77B-7AA908BAD01C}.Release|Any CPU.ActiveCfg = Release|Any CPU
		{90826B3C-B9E6-43E8-A77B-7AA908BAD01C}.Release|Any CPU.Build.0 = Release|Any CPU
	EndGlobalSection
	GlobalSection(SolutionProperties) = preSolution
		HideSolutionNode = FALSE
	EndGlobalSection
	GlobalSection(NestedProjects) = preSolution
		{90826B3C-B9E6-43E8-A77B-7AA908BAD01C} = {10CDDDDC-43B3-4854-839B-8090ACB0D6BB}
	EndGlobalSection
EndGlobal
